// !$*UTF8*$!
{
	archiveVersion = 1;
	classes = {
	};
	objectVersion = 56;
	objects = {

/* Begin PBXBuildFile section */
		8155C4922C07E9E50055D966 /* Final_ProjectApp.swift in Sources */ = {isa = PBXBuildFile; fileRef = 8155C4912C07E9E50055D966 /* Final_ProjectApp.swift */; };
		8155C4942C07E9E50055D966 /* ContentView.swift in Sources */ = {isa = PBXBuildFile; fileRef = 8155C4932C07E9E50055D966 /* ContentView.swift */; };
		8155C4962C07E9EC0055D966 /* Assets.xcassets in Resources */ = {isa = PBXBuildFile; fileRef = 8155C4952C07E9EC0055D966 /* Assets.xcassets */; };
		8155C4992C07E9EC0055D966 /* Preview Assets.xcassets in Resources */ = {isa = PBXBuildFile; fileRef = 8155C4982C07E9EC0055D966 /* Preview Assets.xcassets */; };
		8194083D2C169AE700C2B9ED /* SignView.swift in Sources */ = {isa = PBXBuildFile; fileRef = 8194083C2C169AE700C2B9ED /* SignView.swift */; };
		8194083F2C16DF8B00C2B9ED /* Profile.swift in Sources */ = {isa = PBXBuildFile; fileRef = 8194083E2C16DF8B00C2B9ED /* Profile.swift */; };
		819408412C16DFD700C2B9ED /* NewToolBar.swift in Sources */ = {isa = PBXBuildFile; fileRef = 819408402C16DFD700C2B9ED /* NewToolBar.swift */; };
		819408432C16FDF100C2B9ED /* Classmates.swift in Sources */ = {isa = PBXBuildFile; fileRef = 819408422C16FDF100C2B9ED /* Classmates.swift */; };
		819408452C17013300C2B9ED /* Sudoku.swift in Sources */ = {isa = PBXBuildFile; fileRef = 819408442C17013300C2B9ED /* Sudoku.swift */; };
		81ACED272C08F5D20045E71D /* EntertainmentView.swift in Sources */ = {isa = PBXBuildFile; fileRef = 81ACED262C08F5D20045E71D /* EntertainmentView.swift */; };
		81ACED292C08F8B40045E71D /* HomeView.swift in Sources */ = {isa = PBXBuildFile; fileRef = 81ACED282C08F8B40045E71D /* HomeView.swift */; };
		81CA10962C081BD9004810AA /* Launch Screen.storyboard in Resources */ = {isa = PBXBuildFile; fileRef = 81CA10952C081BD9004810AA /* Launch Screen.storyboard */; };
/* End PBXBuildFile section */

/* Begin PBXFileReference section */
		8155C48E2C07E9E50055D966 /* Final Project.app */ = {isa = PBXFileReference; explicitFileType = wrapper.application; includeInIndex = 0; path = "Final Project.app"; sourceTree = BUILT_PRODUCTS_DIR; };
		8155C4912C07E9E50055D966 /* Final_ProjectApp.swift */ = {isa = PBXFileReference; lastKnownFileType = sourcecode.swift; path = Final_ProjectApp.swift; sourceTree = "<group>"; };
		8155C4932C07E9E50055D966 /* ContentView.swift */ = {isa = PBXFileReference; lastKnownFileType = sourcecode.swift; path = ContentView.swift; sourceTree = "<group>"; };
		8155C4952C07E9EC0055D966 /* Assets.xcassets */ = {isa = PBXFileReference; lastKnownFileType = folder.assetcatalog; path = Assets.xcassets; sourceTree = "<group>"; };
		8155C4982C07E9EC0055D966 /* Preview Assets.xcassets */ = {isa = PBXFileReference; lastKnownFileType = folder.assetcatalog; path = "Preview Assets.xcassets"; sourceTree = "<group>"; };
		8194083C2C169AE700C2B9ED /* SignView.swift */ = {isa = PBXFileReference; lastKnownFileType = sourcecode.swift; path = SignView.swift; sourceTree = "<group>"; };
		8194083E2C16DF8B00C2B9ED /* Profile.swift */ = {isa = PBXFileReference; lastKnownFileType = sourcecode.swift; path = Profile.swift; sourceTree = "<group>"; };
		819408402C16DFD700C2B9ED /* NewToolBar.swift */ = {isa = PBXFileReference; lastKnownFileType = sourcecode.swift; path = NewToolBar.swift; sourceTree = "<group>"; };
		819408422C16FDF100C2B9ED /* Classmates.swift */ = {isa = PBXFileReference; lastKnownFileType = sourcecode.swift; path = Classmates.swift; sourceTree = "<group>"; };
		819408442C17013300C2B9ED /* Sudoku.swift */ = {isa = PBXFileReference; lastKnownFileType = sourcecode.swift; path = Sudoku.swift; sourceTree = "<group>"; };
		81ACED262C08F5D20045E71D /* EntertainmentView.swift */ = {isa = PBXFileReference; lastKnownFileType = sourcecode.swift; path = EntertainmentView.swift; sourceTree = "<group>"; };
		81ACED282C08F8B40045E71D /* HomeView.swift */ = {isa = PBXFileReference; lastKnownFileType = sourcecode.swift; path = HomeView.swift; sourceTree = "<group>"; };
		81CA10952C081BD9004810AA /* Launch Screen.storyboard */ = {isa = PBXFileReference; lastKnownFileType = file.storyboard; path = "Launch Screen.storyboard"; sourceTree = "<group>"; };
/* End PBXFileReference section */

/* Begin PBXFrameworksBuildPhase section */
		8155C48B2C07E9E50055D966 /* Frameworks */ = {
			isa = PBXFrameworksBuildPhase;
			buildActionMask = 2147483647;
			files = (
			);
			runOnlyForDeploymentPostprocessing = 0;
		};
/* End PBXFrameworksBuildPhase section */

/* Begin PBXGroup section */
		8155C4852C07E9E50055D966 = {
			isa = PBXGroup;
			children = (
				8155C4902C07E9E50055D966 /* Final Project */,
				8155C48F2C07E9E50055D966 /* Products */,
			);
			sourceTree = "<group>";
		};
		8155C48F2C07E9E50055D966 /* Products */ = {
			isa = PBXGroup;
			children = (
				8155C48E2C07E9E50055D966 /* Final Project.app */,
			);
			name = Products;
			sourceTree = "<group>";
		};
		8155C4902C07E9E50055D966 /* Final Project */ = {
			isa = PBXGroup;
			children = (
				8155C4912C07E9E50055D966 /* Final_ProjectApp.swift */,
				8155C4932C07E9E50055D966 /* ContentView.swift */,
				8194083C2C169AE700C2B9ED /* SignView.swift */,
				819408402C16DFD700C2B9ED /* NewToolBar.swift */,
				81ACED282C08F8B40045E71D /* HomeView.swift */,
				81ACED262C08F5D20045E71D /* EntertainmentView.swift */,
				819408442C17013300C2B9ED /* Sudoku.swift */,
				819408422C16FDF100C2B9ED /* Classmates.swift */,
				8194083E2C16DF8B00C2B9ED /* Profile.swift */,
				81CA10952C081BD9004810AA /* Launch Screen.storyboard */,
				8155C4952C07E9EC0055D966 /* Assets.xcassets */,
				8155C4972C07E9EC0055D966 /* Preview Content */,
			);
			path = "Final Project";
			sourceTree = "<group>";
		};
		8155C4972C07E9EC0055D966 /* Preview Content */ = {
			isa = PBXGroup;
			children = (
				8155C4982C07E9EC0055D966 /* Preview Assets.xcassets */,
			);
			path = "Preview Content";
			sourceTree = "<group>";
		};
/* End PBXGroup section */

/* Begin PBXNativeTarget section */
		8155C48D2C07E9E50055D966 /* Final Project */ = {
			isa = PBXNativeTarget;
			buildConfigurationList = 8155C49C2C07E9EC0055D966 /* Build configuration list for PBXNativeTarget "Final Project" */;
			buildPhases = (
				8155C48A2C07E9E50055D966 /* Sources */,
				8155C48B2C07E9E50055D966 /* Frameworks */,
				8155C48C2C07E9E50055D966 /* Resources */,
			);
			buildRules = (
			);
			dependencies = (
			);
			name = "Final Project";
			productName = "Final Project";
			productReference = 8155C48E2C07E9E50055D966 /* Final Project.app */;
			productType = "com.apple.product-type.application";
		};
/* End PBXNativeTarget section */

/* Begin PBXProject section */
		8155C4862C07E9E50055D966 /* Project object */ = {
			isa = PBXProject;
			attributes = {
				BuildIndependentTargetsInParallel = 1;
				LastSwiftUpdateCheck = 1530;
				LastUpgradeCheck = 1530;
				TargetAttributes = {
					8155C48D2C07E9E50055D966 = {
						CreatedOnToolsVersion = 15.3;
					};
				};
			};
			buildConfigurationList = 8155C4892C07E9E50055D966 /* Build configuration list for PBXProject "Final Project" */;
			compatibilityVersion = "Xcode 14.0";
			developmentRegion = en;
			hasScannedForEncodings = 0;
			knownRegions = (
				en,
				Base,
			);
			mainGroup = 8155C4852C07E9E50055D966;
			productRefGroup = 8155C48F2C07E9E50055D966 /* Products */;
			projectDirPath = "";
			projectRoot = "";
			targets = (
				8155C48D2C07E9E50055D966 /* Final Project */,
			);
		};
/* End PBXProject section */

/* Begin PBXResourcesBuildPhase section */
		8155C48C2C07E9E50055D966 /* Resources */ = {
			isa = PBXResourcesBuildPhase;
			buildActionMask = 2147483647;
			files = (
				81CA10962C081BD9004810AA /* Launch Screen.storyboard in Resources */,
				8155C4992C07E9EC0055D966 /* Preview Assets.xcassets in Resources */,
				8155C4962C07E9EC0055D966 /* Assets.xcassets in Resources */,
			);
			runOnlyForDeploymentPostprocessing = 0;
		};
/* End PBXResourcesBuildPhase section */

/* Begin PBXSourcesBuildPhase section */
		8155C48A2C07E9E50055D966 /* Sources */ = {
			isa = PBXSourcesBuildPhase;
			buildActionMask = 2147483647;
			files = (
				819408412C16DFD700C2B9ED /* NewToolBar.swift in Sources */,
				8155C4942C07E9E50055D966 /* ContentView.swift in Sources */,
				8194083F2C16DF8B00C2B9ED /* Profile.swift in Sources */,
				819408432C16FDF100C2B9ED /* Classmates.swift in Sources */,
				8194083D2C169AE700C2B9ED /* SignView.swift in Sources */,
				819408452C17013300C2B9ED /* Sudoku.swift in Sources */,
				81ACED292C08F8B40045E71D /* HomeView.swift in Sources */,
				81ACED272C08F5D20045E71D /* EntertainmentView.swift in Sources */,
				8155C4922C07E9E50055D966 /* Final_ProjectApp.swift in Sources */,
			);
			runOnlyForDeploymentPostprocessing = 0;
		};
/* End PBXSourcesBuildPhase section */

/* Begin XCBuildConfiguration section */
		8155C49A2C07E9EC0055D966 /* Debug */ = {
			isa = XCBuildConfiguration;
			buildSettings = {
				ALWAYS_SEARCH_USER_PATHS = NO;
				ASSETCATALOG_COMPILER_GENERATE_SWIFT_ASSET_SYMBOL_EXTENSIONS = YES;
				CLANG_ANALYZER_NONNULL = YES;
				CLANG_ANALYZER_NUMBER_OBJECT_CONVERSION = YES_AGGRESSIVE;
				CLANG_CXX_LANGUAGE_STANDARD = "gnu++20";
				CLANG_ENABLE_MODULES = YES;
				CLANG_ENABLE_OBJC_ARC = YES;
				CLANG_ENABLE_OBJC_WEAK = YES;
				CLANG_WARN_BLOCK_CAPTURE_AUTORELEASING = YES;
				CLANG_WARN_BOOL_CONVERSION = YES;
				CLANG_WARN_COMMA = YES;
				CLANG_WARN_CONSTANT_CONVERSION = YES;
				CLANG_WARN_DEPRECATED_OBJC_IMPLEMENTATIONS = YES;
				CLANG_WARN_DIRECT_OBJC_ISA_USAGE = YES_ERROR;
				CLANG_WARN_DOCUMENTATION_COMMENTS = YES;
				CLANG_WARN_EMPTY_BODY = YES;
				CLANG_WARN_ENUM_CONVERSION = YES;
				CLANG_WARN_INFINITE_RECURSION = YES;
				CLANG_WARN_INT_CONVERSION = YES;
				CLANG_WARN_NON_LITERAL_NULL_CONVERSION = YES;
				CLANG_WARN_OBJC_IMPLICIT_RETAIN_SELF = YES;
				CLANG_WARN_OBJC_LITERAL_CONVERSION = YES;
				CLANG_WARN_OBJC_ROOT_CLASS = YES_ERROR;
				CLANG_WARN_QUOTED_INCLUDE_IN_FRAMEWORK_HEADER = YES;
				CLANG_WARN_RANGE_LOOP_ANALYSIS = YES;
				CLANG_WARN_STRICT_PROTOTYPES = YES;
				CLANG_WARN_SUSPICIOUS_MOVE = YES;
				CLANG_WARN_UNGUARDED_AVAILABILITY = YES_AGGRESSIVE;
				CLANG_WARN_UNREACHABLE_CODE = YES;
				CLANG_WARN__DUPLICATE_METHOD_MATCH = YES;
				COPY_PHASE_STRIP = NO;
				DEBUG_INFORMATION_FORMAT = dwarf;
				ENABLE_STRICT_OBJC_MSGSEND = YES;
				ENABLE_TESTABILITY = YES;
				ENABLE_USER_SCRIPT_SANDBOXING = YES;
				GCC_C_LANGUAGE_STANDARD = gnu17;
				GCC_DYNAMIC_NO_PIC = NO;
				GCC_NO_COMMON_BLOCKS = YES;
				GCC_OPTIMIZATION_LEVEL = 0;
				GCC_PREPROCESSOR_DEFINITIONS = (
					"DEBUG=1",
					"$(inherited)",
				);
				GCC_WARN_64_TO_32_BIT_CONVERSION = YES;
				GCC_WARN_ABOUT_RETURN_TYPE = YES_ERROR;
				GCC_WARN_UNDECLARED_SELECTOR = YES;
				GCC_WARN_UNINITIALIZED_AUTOS = YES_AGGRESSIVE;
				GCC_WARN_UNUSED_FUNCTION = YES;
				GCC_WARN_UNUSED_VARIABLE = YES;
				IPHONEOS_DEPLOYMENT_TARGET = 17.4;
				LOCALIZATION_PREFERS_STRING_CATALOGS = YES;
				MTL_ENABLE_DEBUG_INFO = INCLUDE_SOURCE;
				MTL_FAST_MATH = YES;
				ONLY_ACTIVE_ARCH = YES;
				SDKROOT = iphoneos;
				SWIFT_ACTIVE_COMPILATION_CONDITIONS = "DEBUG $(inherited)";
				SWIFT_OPTIMIZATION_LEVEL = "-Onone";
			};
			name = Debug;
		};
		8155C49B2C07E9EC0055D966 /* Release */ = {
			isa = XCBuildConfiguration;
			buildSettings = {
				ALWAYS_SEARCH_USER_PATHS = NO;
				ASSETCATALOG_COMPILER_GENERATE_SWIFT_ASSET_SYMBOL_EXTENSIONS = YES;
				CLANG_ANALYZER_NONNULL = YES;
				CLANG_ANALYZER_NUMBER_OBJECT_CONVERSION = YES_AGGRESSIVE;
				CLANG_CXX_LANGUAGE_STANDARD = "gnu++20";
				CLANG_ENABLE_MODULES = YES;
				CLANG_ENABLE_OBJC_ARC = YES;
				CLANG_ENABLE_OBJC_WEAK = YES;
				CLANG_WARN_BLOCK_CAPTURE_AUTORELEASING = YES;
				CLANG_WARN_BOOL_CONVERSION = YES;
				CLANG_WARN_COMMA = YES;
				CLANG_WARN_CONSTANT_CONVERSION = YES;
				CLANG_WARN_DEPRECATED_OBJC_IMPLEMENTATIONS = YES;
				CLANG_WARN_DIRECT_OBJC_ISA_USAGE = YES_ERROR;
				CLANG_WARN_DOCUMENTATION_COMMENTS = YES;
				CLANG_WARN_EMPTY_BODY = YES;
				CLANG_WARN_ENUM_CONVERSION = YES;
				CLANG_WARN_INFINITE_RECURSION = YES;
				CLANG_WARN_INT_CONVERSION = YES;
				CLANG_WARN_NON_LITERAL_NULL_CONVERSION = YES;
				CLANG_WARN_OBJC_IMPLICIT_RETAIN_SELF = YES;
				CLANG_WARN_OBJC_LITERAL_CONVERSION = YES;
				CLANG_WARN_OBJC_ROOT_CLASS = YES_ERROR;
				CLANG_WARN_QUOTED_INCLUDE_IN_FRAMEWORK_HEADER = YES;
				CLANG_WARN_RANGE_LOOP_ANALYSIS = YES;
				CLANG_WARN_STRICT_PROTOTYPES = YES;
				CLANG_WARN_SUSPICIOUS_MOVE = YES;
				CLANG_WARN_UNGUARDED_AVAILABILITY = YES_AGGRESSIVE;
				CLANG_WARN_UNREACHABLE_CODE = YES;
				CLANG_WARN__DUPLICATE_METHOD_MATCH = YES;
				COPY_PHASE_STRIP = NO;
				DEBUG_INFORMATION_FORMAT = "dwarf-with-dsym";
				ENABLE_NS_ASSERTIONS = NO;
				ENABLE_STRICT_OBJC_MSGSEND = YES;
				ENABLE_USER_SCRIPT_SANDBOXING = YES;
				GCC_C_LANGUAGE_STANDARD = gnu17;
				GCC_NO_COMMON_BLOCKS = YES;
				GCC_WARN_64_TO_32_BIT_CONVERSION = YES;
				GCC_WARN_ABOUT_RETURN_TYPE = YES_ERROR;
				GCC_WARN_UNDECLARED_SELECTOR = YES;
				GCC_WARN_UNINITIALIZED_AUTOS = YES_AGGRESSIVE;
				GCC_WARN_UNUSED_FUNCTION = YES;
				GCC_WARN_UNUSED_VARIABLE = YES;
				IPHONEOS_DEPLOYMENT_TARGET = 17.4;
				LOCALIZATION_PREFERS_STRING_CATALOGS = YES;
				MTL_ENABLE_DEBUG_INFO = NO;
				MTL_FAST_MATH = YES;
				SDKROOT = iphoneos;
				SWIFT_COMPILATION_MODE = wholemodule;
				VALIDATE_PRODUCT = YES;
			};
			name = Release;
		};
		8155C49D2C07E9EC0055D966 /* Debug */ = {
			isa = XCBuildConfiguration;
			buildSettings = {
				ASSETCATALOG_COMPILER_APPICON_NAME = AppIcon;
				ASSETCATALOG_COMPILER_GLOBAL_ACCENT_COLOR_NAME = AccentColor;
				CODE_SIGN_STYLE = Automatic;
				CURRENT_PROJECT_VERSION = 1;
				DEVELOPMENT_ASSET_PATHS = "\"Final Project/Preview Content\"";
				DEVELOPMENT_TEAM = 46K6TA6F5X;
				ENABLE_PREVIEWS = YES;
				GENERATE_INFOPLIST_FILE = YES;
				INFOPLIST_KEY_UIApplicationSceneManifest_Generation = YES;
				INFOPLIST_KEY_UIApplicationSupportsIndirectInputEvents = YES;
				INFOPLIST_KEY_UILaunchScreen_Generation = YES;
				INFOPLIST_KEY_UILaunchStoryboardName = "Launch Screen.storyboard";
				INFOPLIST_KEY_UISupportedInterfaceOrientations_iPad = "UIInterfaceOrientationPortrait UIInterfaceOrientationPortraitUpsideDown UIInterfaceOrientationLandscapeLeft UIInterfaceOrientationLandscapeRight";
				INFOPLIST_KEY_UISupportedInterfaceOrientations_iPhone = "UIInterfaceOrientationPortrait UIInterfaceOrientationLandscapeLeft UIInterfaceOrientationLandscapeRight";
				LD_RUNPATH_SEARCH_PATHS = (
					"$(inherited)",
					"@executable_path/Frameworks",
				);
				MARKETING_VERSION = 1.0;
				PRODUCT_BUNDLE_IDENTIFIER = "APCSA.Final-Project";
				PRODUCT_NAME = "$(TARGET_NAME)";
				SWIFT_EMIT_LOC_STRINGS = YES;
				SWIFT_VERSION = 5.0;
				TARGETED_DEVICE_FAMILY = "1,2";
			};
			name = Debug;
		};
		8155C49E2C07E9EC0055D966 /* Release */ = {
			isa = XCBuildConfiguration;
			buildSettings = {
				ASSETCATALOG_COMPILER_APPICON_NAME = AppIcon;
				ASSETCATALOG_COMPILER_GLOBAL_ACCENT_COLOR_NAME = AccentColor;
				CODE_SIGN_STYLE = Automatic;
				CURRENT_PROJECT_VERSION = 1;
				DEVELOPMENT_ASSET_PATHS = "\"Final Project/Preview Content\"";
				DEVELOPMENT_TEAM = 46K6TA6F5X;
				ENABLE_PREVIEWS = YES;
				GENERATE_INFOPLIST_FILE = YES;
				INFOPLIST_KEY_UIApplicationSceneManifest_Generation = YES;
				INFOPLIST_KEY_UIApplicationSupportsIndirectInputEvents = YES;
				INFOPLIST_KEY_UILaunchScreen_Generation = YES;
				INFOPLIST_KEY_UILaunchStoryboardName = "Launch Screen.storyboard";
				INFOPLIST_KEY_UISupportedInterfaceOrientations_iPad = "UIInterfaceOrientationPortrait UIInterfaceOrientationPortraitUpsideDown UIInterfaceOrientationLandscapeLeft UIInterfaceOrientationLandscapeRight";
				INFOPLIST_KEY_UISupportedInterfaceOrientations_iPhone = "UIInterfaceOrientationPortrait UIInterfaceOrientationLandscapeLeft UIInterfaceOrientationLandscapeRight";
				LD_RUNPATH_SEARCH_PATHS = (
					"$(inherited)",
					"@executable_path/Frameworks",
				);
				MARKETING_VERSION = 1.0;
				PRODUCT_BUNDLE_IDENTIFIER = "APCSA.Final-Project";
				PRODUCT_NAME = "$(TARGET_NAME)";
				SWIFT_EMIT_LOC_STRINGS = YES;
				SWIFT_VERSION = 5.0;
				TARGETED_DEVICE_FAMILY = "1,2";
			};
			name = Release;
		};
/* End XCBuildConfiguration section */

/* Begin XCConfigurationList section */
		8155C4892C07E9E50055D966 /* Build configuration list for PBXProject "Final Project" */ = {
			isa = XCConfigurationList;
			buildConfigurations = (
				8155C49A2C07E9EC0055D966 /* Debug */,
				8155C49B2C07E9EC0055D966 /* Release */,
			);
			defaultConfigurationIsVisible = 0;
			defaultConfigurationName = Release;
		};
		8155C49C2C07E9EC0055D966 /* Build configuration list for PBXNativeTarget "Final Project" */ = {
			isa = XCConfigurationList;
			buildConfigurations = (
				8155C49D2C07E9EC0055D966 /* Debug */,
				8155C49E2C07E9EC0055D966 /* Release */,
			);
			defaultConfigurationIsVisible = 0;
			defaultConfigurationName = Release;
		};
/* End XCConfigurationList section */
	};
	rootObject = 8155C4862C07E9E50055D966 /* Project object */;
}
